// !$*UTF8*$!
{
	archiveVersion = 1;
	classes = {
	};
	objectVersion = 56;
	objects = {

/* Begin PBXBuildFile section */
		4B3AB067243A5BDBAF794872 /* Pods_symbiose_act3_symbiose_act3UITests.framework in Frameworks */ = {isa = PBXBuildFile; fileRef = E22D58D035E511323DC03AB4 /* Pods_symbiose_act3_symbiose_act3UITests.framework */; };
		6D9AFD6E24F182FFD8D2364D /* Pods_symbiose_act3.framework in Frameworks */ = {isa = PBXBuildFile; fileRef = C7ED2C075BE75C974104CE54 /* Pods_symbiose_act3.framework */; };
		ABAB67072969961100783B14 /* BLEUtils.swift in Sources */ = {isa = PBXBuildFile; fileRef = ABAB67062969961100783B14 /* BLEUtils.swift */; };
		ABAB67092969A70200783B14 /* BLEController.swift in Sources */ = {isa = PBXBuildFile; fileRef = ABAB67082969A70100783B14 /* BLEController.swift */; };
		ABAB670D2969A97600783B14 /* ViewControllerTFLite.swift in Sources */ = {isa = PBXBuildFile; fileRef = ABAB670C2969A97600783B14 /* ViewControllerTFLite.swift */; };
		ABAB670F2969A98800783B14 /* PixelBufferExtensions.swift in Sources */ = {isa = PBXBuildFile; fileRef = ABAB670E2969A98800783B14 /* PixelBufferExtensions.swift */; };
		ABD38184295BC1F70034835A /* symbiose_act3App.swift in Sources */ = {isa = PBXBuildFile; fileRef = ABD38183295BC1F70034835A /* symbiose_act3App.swift */; };
		ABD38186295BC1F70034835A /* ContentView.swift in Sources */ = {isa = PBXBuildFile; fileRef = ABD38185295BC1F70034835A /* ContentView.swift */; };
		ABD38195295BC1F80034835A /* symbiose_act3Tests.swift in Sources */ = {isa = PBXBuildFile; fileRef = ABD38194295BC1F80034835A /* symbiose_act3Tests.swift */; };
		ABD3819F295BC1F80034835A /* symbiose_act3UITests.swift in Sources */ = {isa = PBXBuildFile; fileRef = ABD3819E295BC1F80034835A /* symbiose_act3UITests.swift */; };
		ABD381A1295BC1F80034835A /* symbiose_act3UITestsLaunchTests.swift in Sources */ = {isa = PBXBuildFile; fileRef = ABD381A0295BC1F80034835A /* symbiose_act3UITestsLaunchTests.swift */; };
		DDE0575F7EE086EC39CD26E5 /* Pods_symbiose_act3Tests.framework in Frameworks */ = {isa = PBXBuildFile; fileRef = C945C2AE9F44DD01110EE246 /* Pods_symbiose_act3Tests.framework */; };
		EDF59FC9296EC2B100F4739F /* labels.txt in Resources */ = {isa = PBXBuildFile; fileRef = EDF59FC7296EC2B100F4739F /* labels.txt */; };
		EDF59FCA296EC2B100F4739F /* model_unquant.tflite in Resources */ = {isa = PBXBuildFile; fileRef = EDF59FC8296EC2B100F4739F /* model_unquant.tflite */; };
/* End PBXBuildFile section */

/* Begin PBXContainerItemProxy section */
		ABD38191295BC1F80034835A /* PBXContainerItemProxy */ = {
			isa = PBXContainerItemProxy;
			containerPortal = ABD38178295BC1F70034835A /* Project object */;
			proxyType = 1;
			remoteGlobalIDString = ABD3817F295BC1F70034835A;
			remoteInfo = symbiose_act3;
		};
		ABD3819B295BC1F80034835A /* PBXContainerItemProxy */ = {
			isa = PBXContainerItemProxy;
			containerPortal = ABD38178295BC1F70034835A /* Project object */;
			proxyType = 1;
			remoteGlobalIDString = ABD3817F295BC1F70034835A;
			remoteInfo = symbiose_act3;
		};
/* End PBXContainerItemProxy section */

/* Begin PBXFileReference section */
		2B96ACF070330AA2D0CC2912 /* Pods-symbiose_act3.release.xcconfig */ = {isa = PBXFileReference; includeInIndex = 1; lastKnownFileType = text.xcconfig; name = "Pods-symbiose_act3.release.xcconfig"; path = "Target Support Files/Pods-symbiose_act3/Pods-symbiose_act3.release.xcconfig"; sourceTree = "<group>"; };
		573E8FCD84C47F4145662A51 /* Pods-symbiose_act3Tests.release.xcconfig */ = {isa = PBXFileReference; includeInIndex = 1; lastKnownFileType = text.xcconfig; name = "Pods-symbiose_act3Tests.release.xcconfig"; path = "Target Support Files/Pods-symbiose_act3Tests/Pods-symbiose_act3Tests.release.xcconfig"; sourceTree = "<group>"; };
		7CE478BF31CD4C60DF63415C /* Pods-symbiose_act3-symbiose_act3UITests.release.xcconfig */ = {isa = PBXFileReference; includeInIndex = 1; lastKnownFileType = text.xcconfig; name = "Pods-symbiose_act3-symbiose_act3UITests.release.xcconfig"; path = "Target Support Files/Pods-symbiose_act3-symbiose_act3UITests/Pods-symbiose_act3-symbiose_act3UITests.release.xcconfig"; sourceTree = "<group>"; };
		8956A5CC99A9528958BCD749 /* Pods-symbiose_act3Tests.debug.xcconfig */ = {isa = PBXFileReference; includeInIndex = 1; lastKnownFileType = text.xcconfig; name = "Pods-symbiose_act3Tests.debug.xcconfig"; path = "Target Support Files/Pods-symbiose_act3Tests/Pods-symbiose_act3Tests.debug.xcconfig"; sourceTree = "<group>"; };
		ABAB67062969961100783B14 /* BLEUtils.swift */ = {isa = PBXFileReference; fileEncoding = 4; lastKnownFileType = sourcecode.swift; path = BLEUtils.swift; sourceTree = "<group>"; };
		ABAB67082969A70100783B14 /* BLEController.swift */ = {isa = PBXFileReference; fileEncoding = 4; lastKnownFileType = sourcecode.swift; path = BLEController.swift; sourceTree = "<group>"; };
		ABAB670C2969A97600783B14 /* ViewControllerTFLite.swift */ = {isa = PBXFileReference; fileEncoding = 4; lastKnownFileType = sourcecode.swift; path = ViewControllerTFLite.swift; sourceTree = "<group>"; };
		ABAB670E2969A98800783B14 /* PixelBufferExtensions.swift */ = {isa = PBXFileReference; fileEncoding = 4; lastKnownFileType = sourcecode.swift; path = PixelBufferExtensions.swift; sourceTree = "<group>"; };
		ABD38180295BC1F70034835A /* symbiose_act3.app */ = {isa = PBXFileReference; explicitFileType = wrapper.application; includeInIndex = 0; path = symbiose_act3.app; sourceTree = BUILT_PRODUCTS_DIR; };
		ABD38183295BC1F70034835A /* symbiose_act3App.swift */ = {isa = PBXFileReference; lastKnownFileType = sourcecode.swift; path = symbiose_act3App.swift; sourceTree = "<group>"; };
		ABD38185295BC1F70034835A /* ContentView.swift */ = {isa = PBXFileReference; lastKnownFileType = sourcecode.swift; path = ContentView.swift; sourceTree = "<group>"; };
		ABD38187295BC1F80034835A /* Assets.xcassets */ = {isa = PBXFileReference; lastKnownFileType = folder.assetcatalog; path = Assets.xcassets; sourceTree = "<group>"; };
		ABD3818A295BC1F80034835A /* Preview Assets.xcassets */ = {isa = PBXFileReference; lastKnownFileType = folder.assetcatalog; path = "Preview Assets.xcassets"; sourceTree = "<group>"; };
		ABD38190295BC1F80034835A /* symbiose_act3Tests.xctest */ = {isa = PBXFileReference; explicitFileType = wrapper.cfbundle; includeInIndex = 0; path = symbiose_act3Tests.xctest; sourceTree = BUILT_PRODUCTS_DIR; };
		ABD38194295BC1F80034835A /* symbiose_act3Tests.swift */ = {isa = PBXFileReference; lastKnownFileType = sourcecode.swift; path = symbiose_act3Tests.swift; sourceTree = "<group>"; };
		ABD3819A295BC1F80034835A /* symbiose_act3UITests.xctest */ = {isa = PBXFileReference; explicitFileType = wrapper.cfbundle; includeInIndex = 0; path = symbiose_act3UITests.xctest; sourceTree = BUILT_PRODUCTS_DIR; };
		ABD3819E295BC1F80034835A /* symbiose_act3UITests.swift */ = {isa = PBXFileReference; lastKnownFileType = sourcecode.swift; path = symbiose_act3UITests.swift; sourceTree = "<group>"; };
		ABD381A0295BC1F80034835A /* symbiose_act3UITestsLaunchTests.swift */ = {isa = PBXFileReference; lastKnownFileType = sourcecode.swift; path = symbiose_act3UITestsLaunchTests.swift; sourceTree = "<group>"; };
		AFF4B0F66F8E34B31C1908D8 /* Pods-symbiose_act3-symbiose_act3UITests.debug.xcconfig */ = {isa = PBXFileReference; includeInIndex = 1; lastKnownFileType = text.xcconfig; name = "Pods-symbiose_act3-symbiose_act3UITests.debug.xcconfig"; path = "Target Support Files/Pods-symbiose_act3-symbiose_act3UITests/Pods-symbiose_act3-symbiose_act3UITests.debug.xcconfig"; sourceTree = "<group>"; };
		C7ED2C075BE75C974104CE54 /* Pods_symbiose_act3.framework */ = {isa = PBXFileReference; explicitFileType = wrapper.framework; includeInIndex = 0; path = Pods_symbiose_act3.framework; sourceTree = BUILT_PRODUCTS_DIR; };
		C945C2AE9F44DD01110EE246 /* Pods_symbiose_act3Tests.framework */ = {isa = PBXFileReference; explicitFileType = wrapper.framework; includeInIndex = 0; path = Pods_symbiose_act3Tests.framework; sourceTree = BUILT_PRODUCTS_DIR; };
		CD66BD439A1FD02437E35A71 /* Pods-symbiose_act3.debug.xcconfig */ = {isa = PBXFileReference; includeInIndex = 1; lastKnownFileType = text.xcconfig; name = "Pods-symbiose_act3.debug.xcconfig"; path = "Target Support Files/Pods-symbiose_act3/Pods-symbiose_act3.debug.xcconfig"; sourceTree = "<group>"; };
		E22D58D035E511323DC03AB4 /* Pods_symbiose_act3_symbiose_act3UITests.framework */ = {isa = PBXFileReference; explicitFileType = wrapper.framework; includeInIndex = 0; path = Pods_symbiose_act3_symbiose_act3UITests.framework; sourceTree = BUILT_PRODUCTS_DIR; };
		EDF59FC7296EC2B100F4739F /* labels.txt */ = {isa = PBXFileReference; fileEncoding = 4; lastKnownFileType = text; path = labels.txt; sourceTree = "<group>"; };
		EDF59FC8296EC2B100F4739F /* model_unquant.tflite */ = {isa = PBXFileReference; lastKnownFileType = file; path = model_unquant.tflite; sourceTree = "<group>"; };
/* End PBXFileReference section */

/* Begin PBXFrameworksBuildPhase section */
		ABD3817D295BC1F70034835A /* Frameworks */ = {
			isa = PBXFrameworksBuildPhase;
			buildActionMask = 2147483647;
			files = (
				6D9AFD6E24F182FFD8D2364D /* Pods_symbiose_act3.framework in Frameworks */,
			);
			runOnlyForDeploymentPostprocessing = 0;
		};
		ABD3818D295BC1F80034835A /* Frameworks */ = {
			isa = PBXFrameworksBuildPhase;
			buildActionMask = 2147483647;
			files = (
				DDE0575F7EE086EC39CD26E5 /* Pods_symbiose_act3Tests.framework in Frameworks */,
			);
			runOnlyForDeploymentPostprocessing = 0;
		};
		ABD38197295BC1F80034835A /* Frameworks */ = {
			isa = PBXFrameworksBuildPhase;
			buildActionMask = 2147483647;
			files = (
				4B3AB067243A5BDBAF794872 /* Pods_symbiose_act3_symbiose_act3UITests.framework in Frameworks */,
			);
			runOnlyForDeploymentPostprocessing = 0;
		};
/* End PBXFrameworksBuildPhase section */

/* Begin PBXGroup section */
		4A803D3F5B33C8FEBD2803B0 /* Pods */ = {
			isa = PBXGroup;
			children = (
				CD66BD439A1FD02437E35A71 /* Pods-symbiose_act3.debug.xcconfig */,
				2B96ACF070330AA2D0CC2912 /* Pods-symbiose_act3.release.xcconfig */,
				AFF4B0F66F8E34B31C1908D8 /* Pods-symbiose_act3-symbiose_act3UITests.debug.xcconfig */,
				7CE478BF31CD4C60DF63415C /* Pods-symbiose_act3-symbiose_act3UITests.release.xcconfig */,
				8956A5CC99A9528958BCD749 /* Pods-symbiose_act3Tests.debug.xcconfig */,
				573E8FCD84C47F4145662A51 /* Pods-symbiose_act3Tests.release.xcconfig */,
			);
			path = Pods;
			sourceTree = "<group>";
		};
		7773F007D30E9669C02F52E5 /* Frameworks */ = {
			isa = PBXGroup;
			children = (
				C7ED2C075BE75C974104CE54 /* Pods_symbiose_act3.framework */,
				E22D58D035E511323DC03AB4 /* Pods_symbiose_act3_symbiose_act3UITests.framework */,
				C945C2AE9F44DD01110EE246 /* Pods_symbiose_act3Tests.framework */,
			);
			name = Frameworks;
			sourceTree = "<group>";
		};
		AB5128CD296AE43400DA18FC /* Model */ = {
			isa = PBXGroup;
			children = (
				EDF59FC7296EC2B100F4739F /* labels.txt */,
				EDF59FC8296EC2B100F4739F /* model_unquant.tflite */,
			);
			path = Model;
			sourceTree = "<group>";
		};
		ABAB670A2969A72A00783B14 /* Ble */ = {
			isa = PBXGroup;
			children = (
				ABAB67082969A70100783B14 /* BLEController.swift */,
				ABAB67062969961100783B14 /* BLEUtils.swift */,
			);
			path = Ble;
			sourceTree = "<group>";
		};
		ABAB670B2969A95D00783B14 /* TFLite */ = {
			isa = PBXGroup;
			children = (
				ABAB670E2969A98800783B14 /* PixelBufferExtensions.swift */,
				ABAB670C2969A97600783B14 /* ViewControllerTFLite.swift */,
			);
			path = TFLite;
			sourceTree = "<group>";
		};
		ABD38177295BC1F70034835A = {
			isa = PBXGroup;
			children = (
				ABD38182295BC1F70034835A /* symbiose_act3 */,
				ABD38193295BC1F80034835A /* symbiose_act3Tests */,
				ABD3819D295BC1F80034835A /* symbiose_act3UITests */,
				ABD38181295BC1F70034835A /* Products */,
				4A803D3F5B33C8FEBD2803B0 /* Pods */,
				7773F007D30E9669C02F52E5 /* Frameworks */,
			);
			sourceTree = "<group>";
		};
		ABD38181295BC1F70034835A /* Products */ = {
			isa = PBXGroup;
			children = (
				ABD38180295BC1F70034835A /* symbiose_act3.app */,
				ABD38190295BC1F80034835A /* symbiose_act3Tests.xctest */,
				ABD3819A295BC1F80034835A /* symbiose_act3UITests.xctest */,
			);
			name = Products;
			sourceTree = "<group>";
		};
		ABD38182295BC1F70034835A /* symbiose_act3 */ = {
			isa = PBXGroup;
			children = (
				AB5128CD296AE43400DA18FC /* Model */,
				ABAB670B2969A95D00783B14 /* TFLite */,
				ABAB670A2969A72A00783B14 /* Ble */,
				ABD38183295BC1F70034835A /* symbiose_act3App.swift */,
				ABD38185295BC1F70034835A /* ContentView.swift */,
				ABD38187295BC1F80034835A /* Assets.xcassets */,
				ABD38189295BC1F80034835A /* Preview Content */,
			);
			path = symbiose_act3;
			sourceTree = "<group>";
		};
		ABD38189295BC1F80034835A /* Preview Content */ = {
			isa = PBXGroup;
			children = (
				ABD3818A295BC1F80034835A /* Preview Assets.xcassets */,
			);
			path = "Preview Content";
			sourceTree = "<group>";
		};
		ABD38193295BC1F80034835A /* symbiose_act3Tests */ = {
			isa = PBXGroup;
			children = (
				ABD38194295BC1F80034835A /* symbiose_act3Tests.swift */,
			);
			path = symbiose_act3Tests;
			sourceTree = "<group>";
		};
		ABD3819D295BC1F80034835A /* symbiose_act3UITests */ = {
			isa = PBXGroup;
			children = (
				ABD3819E295BC1F80034835A /* symbiose_act3UITests.swift */,
				ABD381A0295BC1F80034835A /* symbiose_act3UITestsLaunchTests.swift */,
			);
			path = symbiose_act3UITests;
			sourceTree = "<group>";
		};
/* End PBXGroup section */

/* Begin PBXNativeTarget section */
		ABD3817F295BC1F70034835A /* symbiose_act3 */ = {
			isa = PBXNativeTarget;
			buildConfigurationList = ABD381A4295BC1F80034835A /* Build configuration list for PBXNativeTarget "symbiose_act3" */;
			buildPhases = (
				17925F5AE8881DDDD0986EA2 /* [CP] Check Pods Manifest.lock */,
				ABD3817C295BC1F70034835A /* Sources */,
				ABD3817D295BC1F70034835A /* Frameworks */,
				ABD3817E295BC1F70034835A /* Resources */,
			);
			buildRules = (
			);
			dependencies = (
			);
			name = symbiose_act3;
			productName = symbiose_act3;
			productReference = ABD38180295BC1F70034835A /* symbiose_act3.app */;
			productType = "com.apple.product-type.application";
		};
		ABD3818F295BC1F80034835A /* symbiose_act3Tests */ = {
			isa = PBXNativeTarget;
			buildConfigurationList = ABD381A7295BC1F80034835A /* Build configuration list for PBXNativeTarget "symbiose_act3Tests" */;
			buildPhases = (
				DB682910AB195C558D639308 /* [CP] Check Pods Manifest.lock */,
				ABD3818C295BC1F80034835A /* Sources */,
				ABD3818D295BC1F80034835A /* Frameworks */,
				ABD3818E295BC1F80034835A /* Resources */,
			);
			buildRules = (
			);
			dependencies = (
				ABD38192295BC1F80034835A /* PBXTargetDependency */,
			);
			name = symbiose_act3Tests;
			productName = symbiose_act3Tests;
			productReference = ABD38190295BC1F80034835A /* symbiose_act3Tests.xctest */;
			productType = "com.apple.product-type.bundle.unit-test";
		};
		ABD38199295BC1F80034835A /* symbiose_act3UITests */ = {
			isa = PBXNativeTarget;
			buildConfigurationList = ABD381AA295BC1F80034835A /* Build configuration list for PBXNativeTarget "symbiose_act3UITests" */;
			buildPhases = (
				165BCB74CFE748F08E7DA110 /* [CP] Check Pods Manifest.lock */,
				ABD38196295BC1F80034835A /* Sources */,
				ABD38197295BC1F80034835A /* Frameworks */,
				ABD38198295BC1F80034835A /* Resources */,
			);
			buildRules = (
			);
			dependencies = (
				ABD3819C295BC1F80034835A /* PBXTargetDependency */,
			);
			name = symbiose_act3UITests;
			productName = symbiose_act3UITests;
			productReference = ABD3819A295BC1F80034835A /* symbiose_act3UITests.xctest */;
			productType = "com.apple.product-type.bundle.ui-testing";
		};
/* End PBXNativeTarget section */

/* Begin PBXProject section */
		ABD38178295BC1F70034835A /* Project object */ = {
			isa = PBXProject;
			attributes = {
				BuildIndependentTargetsInParallel = 1;
				LastSwiftUpdateCheck = 1400;
				LastUpgradeCheck = 1400;
				TargetAttributes = {
					ABD3817F295BC1F70034835A = {
						CreatedOnToolsVersion = 14.0.1;
					};
					ABD3818F295BC1F80034835A = {
						CreatedOnToolsVersion = 14.0.1;
						TestTargetID = ABD3817F295BC1F70034835A;
					};
					ABD38199295BC1F80034835A = {
						CreatedOnToolsVersion = 14.0.1;
						TestTargetID = ABD3817F295BC1F70034835A;
					};
				};
			};
			buildConfigurationList = ABD3817B295BC1F70034835A /* Build configuration list for PBXProject "symbiose_act3" */;
			compatibilityVersion = "Xcode 14.0";
			developmentRegion = en;
			hasScannedForEncodings = 0;
			knownRegions = (
				en,
				Base,
			);
			mainGroup = ABD38177295BC1F70034835A;
			productRefGroup = ABD38181295BC1F70034835A /* Products */;
			projectDirPath = "";
			projectRoot = "";
			targets = (
				ABD3817F295BC1F70034835A /* symbiose_act3 */,
				ABD3818F295BC1F80034835A /* symbiose_act3Tests */,
				ABD38199295BC1F80034835A /* symbiose_act3UITests */,
			);
		};
/* End PBXProject section */

/* Begin PBXResourcesBuildPhase section */
		ABD3817E295BC1F70034835A /* Resources */ = {
			isa = PBXResourcesBuildPhase;
			buildActionMask = 2147483647;
			files = (
				EDF59FCA296EC2B100F4739F /* model_unquant.tflite in Resources */,
				EDF59FC9296EC2B100F4739F /* labels.txt in Resources */,
			);
			runOnlyForDeploymentPostprocessing = 0;
		};
		ABD3818E295BC1F80034835A /* Resources */ = {
			isa = PBXResourcesBuildPhase;
			buildActionMask = 2147483647;
			files = (
			);
			runOnlyForDeploymentPostprocessing = 0;
		};
		ABD38198295BC1F80034835A /* Resources */ = {
			isa = PBXResourcesBuildPhase;
			buildActionMask = 2147483647;
			files = (
			);
			runOnlyForDeploymentPostprocessing = 0;
		};
/* End PBXResourcesBuildPhase section */

/* Begin PBXShellScriptBuildPhase section */
		165BCB74CFE748F08E7DA110 /* [CP] Check Pods Manifest.lock */ = {
			isa = PBXShellScriptBuildPhase;
			buildActionMask = 2147483647;
			files = (
			);
			inputFileListPaths = (
			);
			inputPaths = (
				"${PODS_PODFILE_DIR_PATH}/Podfile.lock",
				"${PODS_ROOT}/Manifest.lock",
			);
			name = "[CP] Check Pods Manifest.lock";
			outputFileListPaths = (
			);
			outputPaths = (
				"$(DERIVED_FILE_DIR)/Pods-symbiose_act3-symbiose_act3UITests-checkManifestLockResult.txt",
			);
			runOnlyForDeploymentPostprocessing = 0;
			shellPath = /bin/sh;
			shellScript = "diff \"${PODS_PODFILE_DIR_PATH}/Podfile.lock\" \"${PODS_ROOT}/Manifest.lock\" > /dev/null\nif [ $? != 0 ] ; then\n    # print error to STDERR\n    echo \"error: The sandbox is not in sync with the Podfile.lock. Run 'pod install' or update your CocoaPods installation.\" >&2\n    exit 1\nfi\n# This output is used by Xcode 'outputs' to avoid re-running this script phase.\necho \"SUCCESS\" > \"${SCRIPT_OUTPUT_FILE_0}\"\n";
			showEnvVarsInLog = 0;
		};
		17925F5AE8881DDDD0986EA2 /* [CP] Check Pods Manifest.lock */ = {
			isa = PBXShellScriptBuildPhase;
			buildActionMask = 2147483647;
			files = (
			);
			inputFileListPaths = (
			);
			inputPaths = (
				"${PODS_PODFILE_DIR_PATH}/Podfile.lock",
				"${PODS_ROOT}/Manifest.lock",
			);
			name = "[CP] Check Pods Manifest.lock";
			outputFileListPaths = (
			);
			outputPaths = (
				"$(DERIVED_FILE_DIR)/Pods-symbiose_act3-checkManifestLockResult.txt",
			);
			runOnlyForDeploymentPostprocessing = 0;
			shellPath = /bin/sh;
			shellScript = "diff \"${PODS_PODFILE_DIR_PATH}/Podfile.lock\" \"${PODS_ROOT}/Manifest.lock\" > /dev/null\nif [ $? != 0 ] ; then\n    # print error to STDERR\n    echo \"error: The sandbox is not in sync with the Podfile.lock. Run 'pod install' or update your CocoaPods installation.\" >&2\n    exit 1\nfi\n# This output is used by Xcode 'outputs' to avoid re-running this script phase.\necho \"SUCCESS\" > \"${SCRIPT_OUTPUT_FILE_0}\"\n";
			showEnvVarsInLog = 0;
		};
		DB682910AB195C558D639308 /* [CP] Check Pods Manifest.lock */ = {
			isa = PBXShellScriptBuildPhase;
			buildActionMask = 2147483647;
			files = (
			);
			inputFileListPaths = (
			);
			inputPaths = (
				"${PODS_PODFILE_DIR_PATH}/Podfile.lock",
				"${PODS_ROOT}/Manifest.lock",
			);
			name = "[CP] Check Pods Manifest.lock";
			outputFileListPaths = (
			);
			outputPaths = (
				"$(DERIVED_FILE_DIR)/Pods-symbiose_act3Tests-checkManifestLockResult.txt",
			);
			runOnlyForDeploymentPostprocessing = 0;
			shellPath = /bin/sh;
			shellScript = "diff \"${PODS_PODFILE_DIR_PATH}/Podfile.lock\" \"${PODS_ROOT}/Manifest.lock\" > /dev/null\nif [ $? != 0 ] ; then\n    # print error to STDERR\n    echo \"error: The sandbox is not in sync with the Podfile.lock. Run 'pod install' or update your CocoaPods installation.\" >&2\n    exit 1\nfi\n# This output is used by Xcode 'outputs' to avoid re-running this script phase.\necho \"SUCCESS\" > \"${SCRIPT_OUTPUT_FILE_0}\"\n";
			showEnvVarsInLog = 0;
		};
/* End PBXShellScriptBuildPhase section */

/* Begin PBXSourcesBuildPhase section */
		ABD3817C295BC1F70034835A /* Sources */ = {
			isa = PBXSourcesBuildPhase;
			buildActionMask = 2147483647;
			files = (
				ABAB67092969A70200783B14 /* BLEController.swift in Sources */,
				ABD38186295BC1F70034835A /* ContentView.swift in Sources */,
				ABAB670F2969A98800783B14 /* PixelBufferExtensions.swift in Sources */,
				ABD38184295BC1F70034835A /* symbiose_act3App.swift in Sources */,
				ABAB670D2969A97600783B14 /* ViewControllerTFLite.swift in Sources */,
				ABAB67072969961100783B14 /* BLEUtils.swift in Sources */,
			);
			runOnlyForDeploymentPostprocessing = 0;
		};
		ABD3818C295BC1F80034835A /* Sources */ = {
			isa = PBXSourcesBuildPhase;
			buildActionMask = 2147483647;
			files = (
				ABD38195295BC1F80034835A /* symbiose_act3Tests.swift in Sources */,
			);
			runOnlyForDeploymentPostprocessing = 0;
		};
		ABD38196295BC1F80034835A /* Sources */ = {
			isa = PBXSourcesBuildPhase;
			buildActionMask = 2147483647;
			files = (
				ABD381A1295BC1F80034835A /* symbiose_act3UITestsLaunchTests.swift in Sources */,
				ABD3819F295BC1F80034835A /* symbiose_act3UITests.swift in Sources */,
			);
			runOnlyForDeploymentPostprocessing = 0;
		};
/* End PBXSourcesBuildPhase section */

/* Begin PBXTargetDependency section */
		ABD38192295BC1F80034835A /* PBXTargetDependency */ = {
			isa = PBXTargetDependency;
			target = ABD3817F295BC1F70034835A /* symbiose_act3 */;
			targetProxy = ABD38191295BC1F80034835A /* PBXContainerItemProxy */;
		};
		ABD3819C295BC1F80034835A /* PBXTargetDependency */ = {
			isa = PBXTargetDependency;
			target = ABD3817F295BC1F70034835A /* symbiose_act3 */;
			targetProxy = ABD3819B295BC1F80034835A /* PBXContainerItemProxy */;
		};
/* End PBXTargetDependency section */

/* Begin XCBuildConfiguration section */
		ABD381A2295BC1F80034835A /* Debug */ = {
			isa = XCBuildConfiguration;
			buildSettings = {
				ALWAYS_SEARCH_USER_PATHS = NO;
				CLANG_ANALYZER_NONNULL = YES;
				CLANG_ANALYZER_NUMBER_OBJECT_CONVERSION = YES_AGGRESSIVE;
				CLANG_CXX_LANGUAGE_STANDARD = "gnu++20";
				CLANG_ENABLE_MODULES = YES;
				CLANG_ENABLE_OBJC_ARC = YES;
				CLANG_ENABLE_OBJC_WEAK = YES;
				CLANG_WARN_BLOCK_CAPTURE_AUTORELEASING = YES;
				CLANG_WARN_BOOL_CONVERSION = YES;
				CLANG_WARN_COMMA = YES;
				CLANG_WARN_CONSTANT_CONVERSION = YES;
				CLANG_WARN_DEPRECATED_OBJC_IMPLEMENTATIONS = YES;
				CLANG_WARN_DIRECT_OBJC_ISA_USAGE = YES_ERROR;
				CLANG_WARN_DOCUMENTATION_COMMENTS = YES;
				CLANG_WARN_EMPTY_BODY = YES;
				CLANG_WARN_ENUM_CONVERSION = YES;
				CLANG_WARN_INFINITE_RECURSION = YES;
				CLANG_WARN_INT_CONVERSION = YES;
				CLANG_WARN_NON_LITERAL_NULL_CONVERSION = YES;
				CLANG_WARN_OBJC_IMPLICIT_RETAIN_SELF = YES;
				CLANG_WARN_OBJC_LITERAL_CONVERSION = YES;
				CLANG_WARN_OBJC_ROOT_CLASS = YES_ERROR;
				CLANG_WARN_QUOTED_INCLUDE_IN_FRAMEWORK_HEADER = YES;
				CLANG_WARN_RANGE_LOOP_ANALYSIS = YES;
				CLANG_WARN_STRICT_PROTOTYPES = YES;
				CLANG_WARN_SUSPICIOUS_MOVE = YES;
				CLANG_WARN_UNGUARDED_AVAILABILITY = YES_AGGRESSIVE;
				CLANG_WARN_UNREACHABLE_CODE = YES;
				CLANG_WARN__DUPLICATE_METHOD_MATCH = YES;
				COPY_PHASE_STRIP = NO;
				DEBUG_INFORMATION_FORMAT = dwarf;
				ENABLE_STRICT_OBJC_MSGSEND = YES;
				ENABLE_TESTABILITY = YES;
				GCC_C_LANGUAGE_STANDARD = gnu11;
				GCC_DYNAMIC_NO_PIC = NO;
				GCC_NO_COMMON_BLOCKS = YES;
				GCC_OPTIMIZATION_LEVEL = 0;
				GCC_PREPROCESSOR_DEFINITIONS = (
					"DEBUG=1",
					"$(inherited)",
				);
				GCC_WARN_64_TO_32_BIT_CONVERSION = YES;
				GCC_WARN_ABOUT_RETURN_TYPE = YES_ERROR;
				GCC_WARN_UNDECLARED_SELECTOR = YES;
				GCC_WARN_UNINITIALIZED_AUTOS = YES_AGGRESSIVE;
				GCC_WARN_UNUSED_FUNCTION = YES;
				GCC_WARN_UNUSED_VARIABLE = YES;
				IPHONEOS_DEPLOYMENT_TARGET = 16.0;
				MTL_ENABLE_DEBUG_INFO = INCLUDE_SOURCE;
				MTL_FAST_MATH = YES;
				ONLY_ACTIVE_ARCH = YES;
				SDKROOT = iphoneos;
				SWIFT_ACTIVE_COMPILATION_CONDITIONS = DEBUG;
				SWIFT_OPTIMIZATION_LEVEL = "-Onone";
			};
			name = Debug;
		};
		ABD381A3295BC1F80034835A /* Release */ = {
			isa = XCBuildConfiguration;
			buildSettings = {
				ALWAYS_SEARCH_USER_PATHS = NO;
				CLANG_ANALYZER_NONNULL = YES;
				CLANG_ANALYZER_NUMBER_OBJECT_CONVERSION = YES_AGGRESSIVE;
				CLANG_CXX_LANGUAGE_STANDARD = "gnu++20";
				CLANG_ENABLE_MODULES = YES;
				CLANG_ENABLE_OBJC_ARC = YES;
				CLANG_ENABLE_OBJC_WEAK = YES;
				CLANG_WARN_BLOCK_CAPTURE_AUTORELEASING = YES;
				CLANG_WARN_BOOL_CONVERSION = YES;
				CLANG_WARN_COMMA = YES;
				CLANG_WARN_CONSTANT_CONVERSION = YES;
				CLANG_WARN_DEPRECATED_OBJC_IMPLEMENTATIONS = YES;
				CLANG_WARN_DIRECT_OBJC_ISA_USAGE = YES_ERROR;
				CLANG_WARN_DOCUMENTATION_COMMENTS = YES;
				CLANG_WARN_EMPTY_BODY = YES;
				CLANG_WARN_ENUM_CONVERSION = YES;
				CLANG_WARN_INFINITE_RECURSION = YES;
				CLANG_WARN_INT_CONVERSION = YES;
				CLANG_WARN_NON_LITERAL_NULL_CONVERSION = YES;
				CLANG_WARN_OBJC_IMPLICIT_RETAIN_SELF = YES;
				CLANG_WARN_OBJC_LITERAL_CONVERSION = YES;
				CLANG_WARN_OBJC_ROOT_CLASS = YES_ERROR;
				CLANG_WARN_QUOTED_INCLUDE_IN_FRAMEWORK_HEADER = YES;
				CLANG_WARN_RANGE_LOOP_ANALYSIS = YES;
				CLANG_WARN_STRICT_PROTOTYPES = YES;
				CLANG_WARN_SUSPICIOUS_MOVE = YES;
				CLANG_WARN_UNGUARDED_AVAILABILITY = YES_AGGRESSIVE;
				CLANG_WARN_UNREACHABLE_CODE = YES;
				CLANG_WARN__DUPLICATE_METHOD_MATCH = YES;
				COPY_PHASE_STRIP = NO;
				DEBUG_INFORMATION_FORMAT = "dwarf-with-dsym";
				ENABLE_NS_ASSERTIONS = NO;
				ENABLE_STRICT_OBJC_MSGSEND = YES;
				GCC_C_LANGUAGE_STANDARD = gnu11;
				GCC_NO_COMMON_BLOCKS = YES;
				GCC_WARN_64_TO_32_BIT_CONVERSION = YES;
				GCC_WARN_ABOUT_RETURN_TYPE = YES_ERROR;
				GCC_WARN_UNDECLARED_SELECTOR = YES;
				GCC_WARN_UNINITIALIZED_AUTOS = YES_AGGRESSIVE;
				GCC_WARN_UNUSED_FUNCTION = YES;
				GCC_WARN_UNUSED_VARIABLE = YES;
				IPHONEOS_DEPLOYMENT_TARGET = 16.0;
				MTL_ENABLE_DEBUG_INFO = NO;
				MTL_FAST_MATH = YES;
				SDKROOT = iphoneos;
				SWIFT_COMPILATION_MODE = wholemodule;
				SWIFT_OPTIMIZATION_LEVEL = "-O";
				VALIDATE_PRODUCT = YES;
			};
			name = Release;
		};
		ABD381A5295BC1F80034835A /* Debug */ = {
			isa = XCBuildConfiguration;
			baseConfigurationReference = CD66BD439A1FD02437E35A71 /* Pods-symbiose_act3.debug.xcconfig */;
			buildSettings = {
				ASSETCATALOG_COMPILER_APPICON_NAME = AppIcon;
				ASSETCATALOG_COMPILER_GLOBAL_ACCENT_COLOR_NAME = AccentColor;
				BUILD_LIBRARY_FOR_DISTRIBUTION = YES;
				CODE_SIGN_STYLE = Automatic;
				CURRENT_PROJECT_VERSION = 1;
				DEVELOPMENT_ASSET_PATHS = "\"symbiose_act3/Preview Content\"";
				DEVELOPMENT_TEAM = 6V8Z3B326L;
				ENABLE_PREVIEWS = YES;
				GENERATE_INFOPLIST_FILE = YES;
				INFOPLIST_KEY_NSCameraUsageDescription = cam;
				INFOPLIST_KEY_UIApplicationSceneManifest_Generation = YES;
				INFOPLIST_KEY_UIApplicationSupportsIndirectInputEvents = YES;
				INFOPLIST_KEY_UILaunchScreen_Generation = YES;
				INFOPLIST_KEY_UISupportedInterfaceOrientations_iPad = "UIInterfaceOrientationPortrait UIInterfaceOrientationPortraitUpsideDown UIInterfaceOrientationLandscapeLeft UIInterfaceOrientationLandscapeRight";
				INFOPLIST_KEY_UISupportedInterfaceOrientations_iPhone = "UIInterfaceOrientationPortrait UIInterfaceOrientationLandscapeLeft UIInterfaceOrientationLandscapeRight";
				IPHONEOS_DEPLOYMENT_TARGET = 14.0;
				LD_RUNPATH_SEARCH_PATHS = (
					"$(inherited)",
					"@executable_path/Frameworks",
				);
				MARKETING_VERSION = 1.0;
				PRODUCT_BUNDLE_IDENTIFIER = Jonathan.Symbiose;
				PRODUCT_NAME = "$(TARGET_NAME)";
				SWIFT_EMIT_LOC_STRINGS = YES;
				SWIFT_VERSION = 5.0;
				TARGETED_DEVICE_FAMILY = "1,2";
			};
			name = Debug;
		};
		ABD381A6295BC1F80034835A /* Release */ = {
			isa = XCBuildConfiguration;
			baseConfigurationReference = 2B96ACF070330AA2D0CC2912 /* Pods-symbiose_act3.release.xcconfig */;
			buildSettings = {
				ASSETCATALOG_COMPILER_APPICON_NAME = AppIcon;
				ASSETCATALOG_COMPILER_GLOBAL_ACCENT_COLOR_NAME = AccentColor;
				BUILD_LIBRARY_FOR_DISTRIBUTION = YES;
				CODE_SIGN_STYLE = Automatic;
				CURRENT_PROJECT_VERSION = 1;
				DEVELOPMENT_ASSET_PATHS = "\"symbiose_act3/Preview Content\"";
				DEVELOPMENT_TEAM = 6V8Z3B326L;
				ENABLE_PREVIEWS = YES;
				GENERATE_INFOPLIST_FILE = YES;
				INFOPLIST_KEY_NSCameraUsageDescription = cam;
				INFOPLIST_KEY_UIApplicationSceneManifest_Generation = YES;
				INFOPLIST_KEY_UIApplicationSupportsIndirectInputEvents = YES;
				INFOPLIST_KEY_UILaunchScreen_Generation = YES;
				INFOPLIST_KEY_UISupportedInterfaceOrientations_iPad = "UIInterfaceOrientationPortrait UIInterfaceOrientationPortraitUpsideDown UIInterfaceOrientationLandscapeLeft UIInterfaceOrientationLandscapeRight";
				INFOPLIST_KEY_UISupportedInterfaceOrientations_iPhone = "UIInterfaceOrientationPortrait UIInterfaceOrientationLandscapeLeft UIInterfaceOrientationLandscapeRight";
				IPHONEOS_DEPLOYMENT_TARGET = 14.0;
				LD_RUNPATH_SEARCH_PATHS = (
					"$(inherited)",
					"@executable_path/Frameworks",
				);
				MARKETING_VERSION = 1.0;
				PRODUCT_BUNDLE_IDENTIFIER = Jonathan.Symbiose;
				PRODUCT_NAME = "$(TARGET_NAME)";
				SWIFT_EMIT_LOC_STRINGS = YES;
				SWIFT_VERSION = 5.0;
				TARGETED_DEVICE_FAMILY = "1,2";
			};
			name = Release;
		};
		ABD381A8295BC1F80034835A /* Debug */ = {
			isa = XCBuildConfiguration;
			baseConfigurationReference = 8956A5CC99A9528958BCD749 /* Pods-symbiose_act3Tests.debug.xcconfig */;
			buildSettings = {
				ALWAYS_EMBED_SWIFT_STANDARD_LIBRARIES = YES;
				BUNDLE_LOADER = "$(TEST_HOST)";
				CODE_SIGN_STYLE = Automatic;
				CURRENT_PROJECT_VERSION = 1;
				DEVELOPMENT_TEAM = 6V8Z3B326L;
				GENERATE_INFOPLIST_FILE = YES;
				IPHONEOS_DEPLOYMENT_TARGET = 16.0;
				MARKETING_VERSION = 1.0;
				PRODUCT_BUNDLE_IDENTIFIER = "Jonathan.symbiose-act3Tests";
				PRODUCT_NAME = "$(TARGET_NAME)";
				SWIFT_EMIT_LOC_STRINGS = NO;
				SWIFT_VERSION = 5.0;
				TARGETED_DEVICE_FAMILY = "1,2";
				TEST_HOST = "$(BUILT_PRODUCTS_DIR)/symbiose_act3.app/$(BUNDLE_EXECUTABLE_FOLDER_PATH)/symbiose_act3";
			};
			name = Debug;
		};
		ABD381A9295BC1F80034835A /* Release */ = {
			isa = XCBuildConfiguration;
			baseConfigurationReference = 573E8FCD84C47F4145662A51 /* Pods-symbiose_act3Tests.release.xcconfig */;
			buildSettings = {
				ALWAYS_EMBED_SWIFT_STANDARD_LIBRARIES = YES;
				BUNDLE_LOADER = "$(TEST_HOST)";
				CODE_SIGN_STYLE = Automatic;
				CURRENT_PROJECT_VERSION = 1;
				DEVELOPMENT_TEAM = 6V8Z3B326L;
				GENERATE_INFOPLIST_FILE = YES;
				IPHONEOS_DEPLOYMENT_TARGET = 16.0;
				MARKETING_VERSION = 1.0;
				PRODUCT_BUNDLE_IDENTIFIER = "Jonathan.symbiose-act3Tests";
				PRODUCT_NAME = "$(TARGET_NAME)";
				SWIFT_EMIT_LOC_STRINGS = NO;
				SWIFT_VERSION = 5.0;
				TARGETED_DEVICE_FAMILY = "1,2";
				TEST_HOST = "$(BUILT_PRODUCTS_DIR)/symbiose_act3.app/$(BUNDLE_EXECUTABLE_FOLDER_PATH)/symbiose_act3";
			};
			name = Release;
		};
		ABD381AB295BC1F80034835A /* Debug */ = {
			isa = XCBuildConfiguration;
			baseConfigurationReference = AFF4B0F66F8E34B31C1908D8 /* Pods-symbiose_act3-symbiose_act3UITests.debug.xcconfig */;
			buildSettings = {
				ALWAYS_EMBED_SWIFT_STANDARD_LIBRARIES = YES;
				CODE_SIGN_STYLE = Automatic;
				CURRENT_PROJECT_VERSION = 1;
				DEVELOPMENT_TEAM = 6V8Z3B326L;
				GENERATE_INFOPLIST_FILE = YES;
				MARKETING_VERSION = 1.0;
				PRODUCT_BUNDLE_IDENTIFIER = "Jonathan.symbiose-act3UITests";
				PRODUCT_NAME = "$(TARGET_NAME)";
				SWIFT_EMIT_LOC_STRINGS = NO;
				SWIFT_VERSION = 5.0;
				TARGETED_DEVICE_FAMILY = "1,2";
				TEST_TARGET_NAME = symbiose_act3;
			};
			name = Debug;
		};
		ABD381AC295BC1F80034835A /* Release */ = {
			isa = XCBuildConfiguration;
			baseConfigurationReference = 7CE478BF31CD4C60DF63415C /* Pods-symbiose_act3-symbiose_act3UITests.release.xcconfig */;
			buildSettings = {
				ALWAYS_EMBED_SWIFT_STANDARD_LIBRARIES = YES;
				CODE_SIGN_STYLE = Automatic;
				CURRENT_PROJECT_VERSION = 1;
				DEVELOPMENT_TEAM = 6V8Z3B326L;
				GENERATE_INFOPLIST_FILE = YES;
				MARKETING_VERSION = 1.0;
				PRODUCT_BUNDLE_IDENTIFIER = "Jonathan.symbiose-act3UITests";
				PRODUCT_NAME = "$(TARGET_NAME)";
				SWIFT_EMIT_LOC_STRINGS = NO;
				SWIFT_VERSION = 5.0;
				TARGETED_DEVICE_FAMILY = "1,2";
				TEST_TARGET_NAME = symbiose_act3;
			};
			name = Release;
		};
/* End XCBuildConfiguration section */

/* Begin XCConfigurationList section */
		ABD3817B295BC1F70034835A /* Build configuration list for PBXProject "symbiose_act3" */ = {
			isa = XCConfigurationList;
			buildConfigurations = (
				ABD381A2295BC1F80034835A /* Debug */,
				ABD381A3295BC1F80034835A /* Release */,
			);
			defaultConfigurationIsVisible = 0;
			defaultConfigurationName = Release;
		};
		ABD381A4295BC1F80034835A /* Build configuration list for PBXNativeTarget "symbiose_act3" */ = {
			isa = XCConfigurationList;
			buildConfigurations = (
				ABD381A5295BC1F80034835A /* Debug */,
				ABD381A6295BC1F80034835A /* Release */,
			);
			defaultConfigurationIsVisible = 0;
			defaultConfigurationName = Release;
		};
		ABD381A7295BC1F80034835A /* Build configuration list for PBXNativeTarget "symbiose_act3Tests" */ = {
			isa = XCConfigurationList;
			buildConfigurations = (
				ABD381A8295BC1F80034835A /* Debug */,
				ABD381A9295BC1F80034835A /* Release */,
			);
			defaultConfigurationIsVisible = 0;
			defaultConfigurationName = Release;
		};
		ABD381AA295BC1F80034835A /* Build configuration list for PBXNativeTarget "symbiose_act3UITests" */ = {
			isa = XCConfigurationList;
			buildConfigurations = (
				ABD381AB295BC1F80034835A /* Debug */,
				ABD381AC295BC1F80034835A /* Release */,
			);
			defaultConfigurationIsVisible = 0;
			defaultConfigurationName = Release;
		};
/* End XCConfigurationList section */
	};
	rootObject = ABD38178295BC1F70034835A /* Project object */;
}
